
Microsoft Visual Studio Solution File, Format Version 12.00
# Visual Studio Version 17
VisualStudioVersion = 17.2.32526.322
MinimumVisualStudioVersion = 10.0.40219.1
Project("{FAE04EC0-301F-11D3-BF4B-00C04F79EFBC}") = "Akiya", "Akiya.csproj", "{54D9C5E5-9E07-4D5A-838E-229C05F05550}"
EndProject
Global
	GlobalSection(SolutionConfigurationPlatforms) = preSolution
		Debug|Any CPU = Debug|Any CPU
		Release|Any CPU = Release|Any CPU
	EndGlobalSection
	GlobalSection(ProjectConfigurationPlatforms) = postSolution
		{54D9C5E5-9E07-4D5A-838E-229C05F05550}.Debug|Any CPU.ActiveCfg = Debug|Any CPU
		{54D9C5E5-9E07-4D5A-838E-229C05F05550}.Debug|Any CPU.Build.0 = Debug|Any CPU
		{54D9C5E5-9E07-4D5A-838E-229C05F05550}.Release|Any CPU.ActiveCfg = Release|Any CPU
		{54D9C5E5-9E07-4D5A-838E-229C05F05550}.Release|Any CPU.Build.0 = Release|Any CPU
	EndGlobalSection
	GlobalSection(SolutionProperties) = preSolution
		HideSolutionNode = FALSE
	EndGlobalSection
	GlobalSection(ExtensibilityGlobals) = postSolution
		SolutionGuid = {2165734E-0401-43F9-A967-D540927FD486}
	EndGlobalSection
EndGlobal
